
Microsoft Visual Studio Solution File, Format Version 12.00
# Visual Studio Version 16
VisualStudioVersion = 16.0.29306.81
MinimumVisualStudioVersion = 10.0.40219.1
Project("{9A19103F-16F7-4668-BE54-9A1E7A4F7556}") = "GovUkDesignSystem", "GovUkDesignSystem\GovUkDesignSystem.csproj", "{3205CA01-5C78-46F5-AACA-CD40B7F9B965}"
EndProject
Project("{FAE04EC0-301F-11D3-BF4B-00C04F79EFBC}") = "GovUkDesignSystem.SnapshotTests", "GovUkDesignSystem.SnapshotTests\GovUkDesignSystem.SnapshotTests.csproj", "{2A5C3A93-F059-454D-A160-519612676FFA}"
EndProject
Project("{2150E333-8FDC-42A3-9474-1A3956D46DE8}") = "Solution Items", "Solution Items", "{E9F97337-59CC-4832-8A68-30213DB17870}"
	ProjectSection(SolutionItems) = preProject
		CONTRIBUTING.md = CONTRIBUTING.md
		README.md = README.md
	EndProjectSection
EndProject
Global
	GlobalSection(SolutionConfigurationPlatforms) = preSolution
		Debug|Any CPU = Debug|Any CPU
		Release|Any CPU = Release|Any CPU
	EndGlobalSection
	GlobalSection(ProjectConfigurationPlatforms) = postSolution
		{3205CA01-5C78-46F5-AACA-CD40B7F9B965}.Debug|Any CPU.ActiveCfg = Debug|Any CPU
		{3205CA01-5C78-46F5-AACA-CD40B7F9B965}.Debug|Any CPU.Build.0 = Debug|Any CPU
		{3205CA01-5C78-46F5-AACA-CD40B7F9B965}.Release|Any CPU.ActiveCfg = Release|Any CPU
		{3205CA01-5C78-46F5-AACA-CD40B7F9B965}.Release|Any CPU.Build.0 = Release|Any CPU
		{2A5C3A93-F059-454D-A160-519612676FFA}.Debug|Any CPU.ActiveCfg = Debug|Any CPU
		{2A5C3A93-F059-454D-A160-519612676FFA}.Debug|Any CPU.Build.0 = Debug|Any CPU
		{2A5C3A93-F059-454D-A160-519612676FFA}.Release|Any CPU.ActiveCfg = Release|Any CPU
		{2A5C3A93-F059-454D-A160-519612676FFA}.Release|Any CPU.Build.0 = Release|Any CPU
	EndGlobalSection
	GlobalSection(SolutionProperties) = preSolution
		HideSolutionNode = FALSE
	EndGlobalSection
	GlobalSection(ExtensibilityGlobals) = postSolution
		SolutionGuid = {E76CA9DA-8231-440B-891F-F77CDFDD0D7B}
	EndGlobalSection
EndGlobal
