
Microsoft Visual Studio Solution File, Format Version 12.00
# Visual Studio Version 16
VisualStudioVersion = 16.0.29306.81
MinimumVisualStudioVersion = 10.0.40219.1
Project("{9A19103F-16F7-4668-BE54-9A1E7A4F7556}") = "GovUkDesignSystem", "GovUkDesignSystem.csproj", "{3205CA01-5C78-46F5-AACA-CD40B7F9B965}"
EndProject
Global
	GlobalSection(SolutionConfigurationPlatforms) = preSolution
		Debug|Any CPU = Debug|Any CPU
		Release|Any CPU = Release|Any CPU
	EndGlobalSection
	GlobalSection(ProjectConfigurationPlatforms) = postSolution
		{3205CA01-5C78-46F5-AACA-CD40B7F9B965}.Debug|Any CPU.ActiveCfg = Debug|Any CPU
		{3205CA01-5C78-46F5-AACA-CD40B7F9B965}.Debug|Any CPU.Build.0 = Debug|Any CPU
		{3205CA01-5C78-46F5-AACA-CD40B7F9B965}.Release|Any CPU.ActiveCfg = Release|Any CPU
		{3205CA01-5C78-46F5-AACA-CD40B7F9B965}.Release|Any CPU.Build.0 = Release|Any CPU
	EndGlobalSection
	GlobalSection(SolutionProperties) = preSolution
		HideSolutionNode = FALSE
	EndGlobalSection
	GlobalSection(ExtensibilityGlobals) = postSolution
		SolutionGuid = {E76CA9DA-8231-440B-891F-F77CDFDD0D7B}
	EndGlobalSection
EndGlobal
